
Microsoft Visual Studio Solution File, Format Version 12.00
# Visual Studio Version 17
VisualStudioVersion = 17.5.33530.505
MinimumVisualStudioVersion = 10.0.40219.1
Project("{FAE04EC0-301F-11D3-BF4B-00C04F79EFBC}") = "MoviesRegister", "..\src\MoviesRegister.csproj", "{2ACB2D66-8361-4592-9EF2-10D4F3BF992F}"
EndProject
Global
	GlobalSection(SolutionConfigurationPlatforms) = preSolution
		Debug|Any CPU = Debug|Any CPU
		Release|Any CPU = Release|Any CPU
	EndGlobalSection
	GlobalSection(ProjectConfigurationPlatforms) = postSolution
		{2ACB2D66-8361-4592-9EF2-10D4F3BF992F}.Debug|Any CPU.ActiveCfg = Debug|Any CPU
		{2ACB2D66-8361-4592-9EF2-10D4F3BF992F}.Debug|Any CPU.Build.0 = Debug|Any CPU
		{2ACB2D66-8361-4592-9EF2-10D4F3BF992F}.Release|Any CPU.ActiveCfg = Release|Any CPU
		{2ACB2D66-8361-4592-9EF2-10D4F3BF992F}.Release|Any CPU.Build.0 = Release|Any CPU
	EndGlobalSection
	GlobalSection(SolutionProperties) = preSolution
		HideSolutionNode = FALSE
	EndGlobalSection
	GlobalSection(ExtensibilityGlobals) = postSolution
		SolutionGuid = {F2B0DEF3-B1D9-44A0-9021-0A37675087AF}
	EndGlobalSection
EndGlobal
